// !$*UTF8*$!
{
	archiveVersion = 1;
	classes = {
	};
	objectVersion = 77;
	objects = {

/* Begin PBXBuildFile section */
		238FE65E2E60688900934F91 /* StackScroller in Frameworks */ = {isa = PBXBuildFile; productRef = 238FE65D2E60688900934F91 /* StackScroller */; };
		23F8094B2E6343F800EEF595 /* AppDelegate.swift in Sources */ = {isa = PBXBuildFile; fileRef = 23F809422E6343F800EEF595 /* AppDelegate.swift */; };
		23F8094C2E6343F800EEF595 /* ViewController.swift in Sources */ = {isa = PBXBuildFile; fileRef = 23F809492E6343F800EEF595 /* ViewController.swift */; };
		23F8094D2E6343F800EEF595 /* Assets.xcassets in Resources */ = {isa = PBXBuildFile; fileRef = 23F809432E6343F800EEF595 /* Assets.xcassets */; };
		23F8094F2E6343F800EEF595 /* LaunchScreen.storyboard in Resources */ = {isa = PBXBuildFile; fileRef = 23F809462E6343F800EEF595 /* LaunchScreen.storyboard */; };
		23F809502E6343F800EEF595 /* Main.storyboard in Resources */ = {isa = PBXBuildFile; fileRef = 23F809482E6343F800EEF595 /* Main.storyboard */; };
		23F809532E6343FB00EEF595 /* StackScroller_EpTests.swift in Sources */ = {isa = PBXBuildFile; fileRef = 23F809512E6343FB00EEF595 /* StackScroller_EpTests.swift */; };
		23F809572E6343FD00EEF595 /* StackScroller_EpUITests.swift in Sources */ = {isa = PBXBuildFile; fileRef = 23F809542E6343FD00EEF595 /* StackScroller_EpUITests.swift */; };
		23F809582E6343FD00EEF595 /* StackScroller_EpUITestsLaunchTests.swift in Sources */ = {isa = PBXBuildFile; fileRef = 23F809552E6343FD00EEF595 /* StackScroller_EpUITestsLaunchTests.swift */; };
/* End PBXBuildFile section */

/* Begin PBXContainerItemProxy section */
		238FE63F2E60687500934F91 /* PBXContainerItemProxy */ = {
			isa = PBXContainerItemProxy;
			containerPortal = 238FE6202E60687400934F91 /* Project object */;
			proxyType = 1;
			remoteGlobalIDString = 238FE6272E60687400934F91;
			remoteInfo = "StackScroller-Ep";
		};
		238FE6492E60687500934F91 /* PBXContainerItemProxy */ = {
			isa = PBXContainerItemProxy;
			containerPortal = 238FE6202E60687400934F91 /* Project object */;
			proxyType = 1;
			remoteGlobalIDString = 238FE6272E60687400934F91;
			remoteInfo = "StackScroller-Ep";
		};
/* End PBXContainerItemProxy section */

/* Begin PBXFileReference section */
		238FE6282E60687400934F91 /* StackScroller-Ep.app */ = {isa = PBXFileReference; explicitFileType = wrapper.application; includeInIndex = 0; path = "StackScroller-Ep.app"; sourceTree = BUILT_PRODUCTS_DIR; };
		238FE63E2E60687500934F91 /* StackScroller-EpTests.xctest */ = {isa = PBXFileReference; explicitFileType = wrapper.cfbundle; includeInIndex = 0; path = "StackScroller-EpTests.xctest"; sourceTree = BUILT_PRODUCTS_DIR; };
		238FE6482E60687500934F91 /* StackScroller-EpUITests.xctest */ = {isa = PBXFileReference; explicitFileType = wrapper.cfbundle; includeInIndex = 0; path = "StackScroller-EpUITests.xctest"; sourceTree = BUILT_PRODUCTS_DIR; };
		23F809422E6343F800EEF595 /* AppDelegate.swift */ = {isa = PBXFileReference; lastKnownFileType = sourcecode.swift; path = AppDelegate.swift; sourceTree = "<group>"; };
		23F809432E6343F800EEF595 /* Assets.xcassets */ = {isa = PBXFileReference; lastKnownFileType = folder.assetcatalog; path = Assets.xcassets; sourceTree = "<group>"; };
		23F809442E6343F800EEF595 /* Info.plist */ = {isa = PBXFileReference; lastKnownFileType = text.plist.xml; path = Info.plist; sourceTree = "<group>"; };
		23F809452E6343F800EEF595 /* Base */ = {isa = PBXFileReference; lastKnownFileType = file.storyboard; name = Base; path = Base.lproj/LaunchScreen.storyboard; sourceTree = "<group>"; };
		23F809472E6343F800EEF595 /* Base */ = {isa = PBXFileReference; lastKnownFileType = file.storyboard; name = Base; path = Base.lproj/Main.storyboard; sourceTree = "<group>"; };
		23F809492E6343F800EEF595 /* ViewController.swift */ = {isa = PBXFileReference; lastKnownFileType = sourcecode.swift; path = ViewController.swift; sourceTree = "<group>"; };
		23F809512E6343FB00EEF595 /* StackScroller_EpTests.swift */ = {isa = PBXFileReference; lastKnownFileType = sourcecode.swift; path = StackScroller_EpTests.swift; sourceTree = "<group>"; };
		23F809542E6343FD00EEF595 /* StackScroller_EpUITests.swift */ = {isa = PBXFileReference; lastKnownFileType = sourcecode.swift; path = StackScroller_EpUITests.swift; sourceTree = "<group>"; };
		23F809552E6343FD00EEF595 /* StackScroller_EpUITestsLaunchTests.swift */ = {isa = PBXFileReference; lastKnownFileType = sourcecode.swift; path = StackScroller_EpUITestsLaunchTests.swift; sourceTree = "<group>"; };
		23F8095A2E63457100EEF595 /* Stack.mp4 */ = {isa = PBXFileReference; lastKnownFileType = file; path = Stack.mp4; sourceTree = "<group>"; };
		23F8095C2E634A2600EEF595 /* Normal-Unfill.png */ = {isa = PBXFileReference; lastKnownFileType = image.png; path = "Normal-Unfill.png"; sourceTree = "<group>"; };
		23F8095D2E634A3600EEF595 /* NormalCenterScale.png */ = {isa = PBXFileReference; lastKnownFileType = image.png; path = NormalCenterScale.png; sourceTree = "<group>"; };
		23F8095E2E634A4400EEF595 /* Stack.png */ = {isa = PBXFileReference; lastKnownFileType = image.png; path = Stack.png; sourceTree = "<group>"; };
		23F8095F2E634A6B00EEF595 /* Normal-Fill.png */ = {isa = PBXFileReference; lastKnownFileType = image.png; path = "Normal-Fill.png"; sourceTree = "<group>"; };
/* End PBXFileReference section */

/* Begin PBXFrameworksBuildPhase section */
		238FE6252E60687400934F91 /* Frameworks */ = {
			isa = PBXFrameworksBuildPhase;
			buildActionMask = 2147483647;
			files = (
				238FE65E2E60688900934F91 /* StackScroller in Frameworks */,
			);
			runOnlyForDeploymentPostprocessing = 0;
		};
		238FE63B2E60687500934F91 /* Frameworks */ = {
			isa = PBXFrameworksBuildPhase;
			buildActionMask = 2147483647;
			files = (
			);
			runOnlyForDeploymentPostprocessing = 0;
		};
		238FE6452E60687500934F91 /* Frameworks */ = {
			isa = PBXFrameworksBuildPhase;
			buildActionMask = 2147483647;
			files = (
			);
			runOnlyForDeploymentPostprocessing = 0;
		};
/* End PBXFrameworksBuildPhase section */

/* Begin PBXGroup section */
		238FE61F2E60687400934F91 = {
			isa = PBXGroup;
			children = (
				23F8094A2E6343F800EEF595 /* StackScroller-Ep */,
				23F809522E6343FB00EEF595 /* StackScroller-EpTests */,
				23F809562E6343FD00EEF595 /* StackScroller-EpUITests */,
				238FE6292E60687400934F91 /* Products */,
			);
			sourceTree = "<group>";
		};
		238FE6292E60687400934F91 /* Products */ = {
			isa = PBXGroup;
			children = (
				238FE6282E60687400934F91 /* StackScroller-Ep.app */,
				238FE63E2E60687500934F91 /* StackScroller-EpTests.xctest */,
				238FE6482E60687500934F91 /* StackScroller-EpUITests.xctest */,
			);
			name = Products;
			sourceTree = "<group>";
		};
		23F8094A2E6343F800EEF595 /* StackScroller-Ep */ = {
			isa = PBXGroup;
			children = (
				23F809592E63440200EEF595 /* Resources */,
				23F809422E6343F800EEF595 /* AppDelegate.swift */,
				23F809432E6343F800EEF595 /* Assets.xcassets */,
				23F809442E6343F800EEF595 /* Info.plist */,
				23F809462E6343F800EEF595 /* LaunchScreen.storyboard */,
				23F809482E6343F800EEF595 /* Main.storyboard */,
				23F809492E6343F800EEF595 /* ViewController.swift */,
			);
			path = "StackScroller-Ep";
			sourceTree = "<group>";
		};
		23F809522E6343FB00EEF595 /* StackScroller-EpTests */ = {
			isa = PBXGroup;
			children = (
				23F809512E6343FB00EEF595 /* StackScroller_EpTests.swift */,
			);
			path = "StackScroller-EpTests";
			sourceTree = "<group>";
		};
		23F809562E6343FD00EEF595 /* StackScroller-EpUITests */ = {
			isa = PBXGroup;
			children = (
				23F809542E6343FD00EEF595 /* StackScroller_EpUITests.swift */,
				23F809552E6343FD00EEF595 /* StackScroller_EpUITestsLaunchTests.swift */,
			);
			path = "StackScroller-EpUITests";
			sourceTree = "<group>";
		};
		23F809592E63440200EEF595 /* Resources */ = {
			isa = PBXGroup;
			children = (
				23F8095E2E634A4400EEF595 /* Stack.png */,
				23F8095C2E634A2600EEF595 /* Normal-Unfill.png */,
				23F8095F2E634A6B00EEF595 /* Normal-Fill.png */,
				23F8095D2E634A3600EEF595 /* NormalCenterScale.png */,
				23F8095A2E63457100EEF595 /* Stack.mp4 */,
			);
			path = Resources;
			sourceTree = "<group>";
		};
/* End PBXGroup section */

/* Begin PBXNativeTarget section */
		238FE6272E60687400934F91 /* StackScroller-Ep */ = {
			isa = PBXNativeTarget;
			buildConfigurationList = 238FE6512E60687500934F91 /* Build configuration list for PBXNativeTarget "StackScroller-Ep" */;
			buildPhases = (
				238FE6242E60687400934F91 /* Sources */,
				238FE6252E60687400934F91 /* Frameworks */,
				238FE6262E60687400934F91 /* Resources */,
			);
			buildRules = (
			);
			dependencies = (
			);
			name = "StackScroller-Ep";
			packageProductDependencies = (
				238FE65D2E60688900934F91 /* StackScroller */,
			);
			productName = "StackScroller-Ep";
			productReference = 238FE6282E60687400934F91 /* StackScroller-Ep.app */;
			productType = "com.apple.product-type.application";
		};
		238FE63D2E60687500934F91 /* StackScroller-EpTests */ = {
			isa = PBXNativeTarget;
			buildConfigurationList = 238FE6562E60687500934F91 /* Build configuration list for PBXNativeTarget "StackScroller-EpTests" */;
			buildPhases = (
				238FE63A2E60687500934F91 /* Sources */,
				238FE63B2E60687500934F91 /* Frameworks */,
				238FE63C2E60687500934F91 /* Resources */,
			);
			buildRules = (
			);
			dependencies = (
				238FE6402E60687500934F91 /* PBXTargetDependency */,
			);
			name = "StackScroller-EpTests";
			packageProductDependencies = (
			);
			productName = "StackScroller-EpTests";
			productReference = 238FE63E2E60687500934F91 /* StackScroller-EpTests.xctest */;
			productType = "com.apple.product-type.bundle.unit-test";
		};
		238FE6472E60687500934F91 /* StackScroller-EpUITests */ = {
			isa = PBXNativeTarget;
			buildConfigurationList = 238FE6592E60687500934F91 /* Build configuration list for PBXNativeTarget "StackScroller-EpUITests" */;
			buildPhases = (
				238FE6442E60687500934F91 /* Sources */,
				238FE6452E60687500934F91 /* Frameworks */,
				238FE6462E60687500934F91 /* Resources */,
			);
			buildRules = (
			);
			dependencies = (
				238FE64A2E60687500934F91 /* PBXTargetDependency */,
			);
			name = "StackScroller-EpUITests";
			packageProductDependencies = (
			);
			productName = "StackScroller-EpUITests";
			productReference = 238FE6482E60687500934F91 /* StackScroller-EpUITests.xctest */;
			productType = "com.apple.product-type.bundle.ui-testing";
		};
/* End PBXNativeTarget section */

/* Begin PBXProject section */
		238FE6202E60687400934F91 /* Project object */ = {
			isa = PBXProject;
			attributes = {
				BuildIndependentTargetsInParallel = 1;
				LastSwiftUpdateCheck = 1620;
				LastUpgradeCheck = 1620;
				TargetAttributes = {
					238FE6272E60687400934F91 = {
						CreatedOnToolsVersion = 16.2;
					};
					238FE63D2E60687500934F91 = {
						CreatedOnToolsVersion = 16.2;
						TestTargetID = 238FE6272E60687400934F91;
					};
					238FE6472E60687500934F91 = {
						CreatedOnToolsVersion = 16.2;
						TestTargetID = 238FE6272E60687400934F91;
					};
				};
			};
			buildConfigurationList = 238FE6232E60687400934F91 /* Build configuration list for PBXProject "StackScroller-Ep" */;
			developmentRegion = en;
			hasScannedForEncodings = 0;
			knownRegions = (
				en,
				Base,
			);
			mainGroup = 238FE61F2E60687400934F91;
			minimizedProjectReferenceProxies = 1;
			packageReferences = (
				238FE65C2E60688900934F91 /* XCLocalSwiftPackageReference "../../StackScroller" */,
			);
			preferredProjectObjectVersion = 77;
			productRefGroup = 238FE6292E60687400934F91 /* Products */;
			projectDirPath = "";
			projectRoot = "";
			targets = (
				238FE6272E60687400934F91 /* StackScroller-Ep */,
				238FE63D2E60687500934F91 /* StackScroller-EpTests */,
				238FE6472E60687500934F91 /* StackScroller-EpUITests */,
			);
		};
/* End PBXProject section */

/* Begin PBXResourcesBuildPhase section */
		238FE6262E60687400934F91 /* Resources */ = {
			isa = PBXResourcesBuildPhase;
			buildActionMask = 2147483647;
			files = (
				23F8094D2E6343F800EEF595 /* Assets.xcassets in Resources */,
				23F8094F2E6343F800EEF595 /* LaunchScreen.storyboard in Resources */,
				23F809502E6343F800EEF595 /* Main.storyboard in Resources */,
			);
			runOnlyForDeploymentPostprocessing = 0;
		};
		238FE63C2E60687500934F91 /* Resources */ = {
			isa = PBXResourcesBuildPhase;
			buildActionMask = 2147483647;
			files = (
			);
			runOnlyForDeploymentPostprocessing = 0;
		};
		238FE6462E60687500934F91 /* Resources */ = {
			isa = PBXResourcesBuildPhase;
			buildActionMask = 2147483647;
			files = (
			);
			runOnlyForDeploymentPostprocessing = 0;
		};
/* End PBXResourcesBuildPhase section */

/* Begin PBXSourcesBuildPhase section */
		238FE6242E60687400934F91 /* Sources */ = {
			isa = PBXSourcesBuildPhase;
			buildActionMask = 2147483647;
			files = (
				23F8094B2E6343F800EEF595 /* AppDelegate.swift in Sources */,
				23F8094C2E6343F800EEF595 /* ViewController.swift in Sources */,
			);
			runOnlyForDeploymentPostprocessing = 0;
		};
		238FE63A2E60687500934F91 /* Sources */ = {
			isa = PBXSourcesBuildPhase;
			buildActionMask = 2147483647;
			files = (
				23F809532E6343FB00EEF595 /* StackScroller_EpTests.swift in Sources */,
			);
			runOnlyForDeploymentPostprocessing = 0;
		};
		238FE6442E60687500934F91 /* Sources */ = {
			isa = PBXSourcesBuildPhase;
			buildActionMask = 2147483647;
			files = (
				23F809572E6343FD00EEF595 /* StackScroller_EpUITests.swift in Sources */,
				23F809582E6343FD00EEF595 /* StackScroller_EpUITestsLaunchTests.swift in Sources */,
			);
			runOnlyForDeploymentPostprocessing = 0;
		};
/* End PBXSourcesBuildPhase section */

/* Begin PBXTargetDependency section */
		238FE6402E60687500934F91 /* PBXTargetDependency */ = {
			isa = PBXTargetDependency;
			target = 238FE6272E60687400934F91 /* StackScroller-Ep */;
			targetProxy = 238FE63F2E60687500934F91 /* PBXContainerItemProxy */;
		};
		238FE64A2E60687500934F91 /* PBXTargetDependency */ = {
			isa = PBXTargetDependency;
			target = 238FE6272E60687400934F91 /* StackScroller-Ep */;
			targetProxy = 238FE6492E60687500934F91 /* PBXContainerItemProxy */;
		};
/* End PBXTargetDependency section */

/* Begin PBXVariantGroup section */
		23F809462E6343F800EEF595 /* LaunchScreen.storyboard */ = {
			isa = PBXVariantGroup;
			children = (
				23F809452E6343F800EEF595 /* Base */,
			);
			name = LaunchScreen.storyboard;
			sourceTree = "<group>";
		};
		23F809482E6343F800EEF595 /* Main.storyboard */ = {
			isa = PBXVariantGroup;
			children = (
				23F809472E6343F800EEF595 /* Base */,
			);
			name = Main.storyboard;
			sourceTree = "<group>";
		};
/* End PBXVariantGroup section */

/* Begin XCBuildConfiguration section */
		238FE6522E60687500934F91 /* Debug */ = {
			isa = XCBuildConfiguration;
			buildSettings = {
				ASSETCATALOG_COMPILER_APPICON_NAME = AppIcon;
				ASSETCATALOG_COMPILER_GLOBAL_ACCENT_COLOR_NAME = AccentColor;
				CODE_SIGN_STYLE = Automatic;
				CURRENT_PROJECT_VERSION = 1;
				DEVELOPMENT_TEAM = PSX4HS9SBP;
				GENERATE_INFOPLIST_FILE = YES;
				INFOPLIST_FILE = "StackScroller-Ep/Info.plist";
				INFOPLIST_KEY_UIApplicationSupportsIndirectInputEvents = YES;
				INFOPLIST_KEY_UILaunchStoryboardName = LaunchScreen;
				INFOPLIST_KEY_UIMainStoryboardFile = Main;
				INFOPLIST_KEY_UISupportedInterfaceOrientations_iPad = "UIInterfaceOrientationPortrait UIInterfaceOrientationPortraitUpsideDown UIInterfaceOrientationLandscapeLeft UIInterfaceOrientationLandscapeRight";
				INFOPLIST_KEY_UISupportedInterfaceOrientations_iPhone = "UIInterfaceOrientationPortrait UIInterfaceOrientationLandscapeLeft UIInterfaceOrientationLandscapeRight";
				IPHONEOS_DEPLOYMENT_TARGET = 12.0;
				LD_RUNPATH_SEARCH_PATHS = (
					"$(inherited)",
					"@executable_path/Frameworks",
				);
				MARKETING_VERSION = 1.0;
				PRODUCT_BUNDLE_IDENTIFIER = "com.subaiii.StackScroller-Ep";
				PRODUCT_NAME = "$(TARGET_NAME)";
				SWIFT_EMIT_LOC_STRINGS = YES;
				SWIFT_VERSION = 5.0;
				TARGETED_DEVICE_FAMILY = "1,2";
			};
			name = Debug;
		};
		238FE6532E60687500934F91 /* Release */ = {
			isa = XCBuildConfiguration;
			buildSettings = {
				ASSETCATALOG_COMPILER_APPICON_NAME = AppIcon;
				ASSETCATALOG_COMPILER_GLOBAL_ACCENT_COLOR_NAME = AccentColor;
				CODE_SIGN_STYLE = Automatic;
				CURRENT_PROJECT_VERSION = 1;
				DEVELOPMENT_TEAM = PSX4HS9SBP;
				GENERATE_INFOPLIST_FILE = YES;
				INFOPLIST_FILE = "StackScroller-Ep/Info.plist";
				INFOPLIST_KEY_UIApplicationSupportsIndirectInputEvents = YES;
				INFOPLIST_KEY_UILaunchStoryboardName = LaunchScreen;
				INFOPLIST_KEY_UIMainStoryboardFile = Main;
				INFOPLIST_KEY_UISupportedInterfaceOrientations_iPad = "UIInterfaceOrientationPortrait UIInterfaceOrientationPortraitUpsideDown UIInterfaceOrientationLandscapeLeft UIInterfaceOrientationLandscapeRight";
				INFOPLIST_KEY_UISupportedInterfaceOrientations_iPhone = "UIInterfaceOrientationPortrait UIInterfaceOrientationLandscapeLeft UIInterfaceOrientationLandscapeRight";
				IPHONEOS_DEPLOYMENT_TARGET = 12.0;
				LD_RUNPATH_SEARCH_PATHS = (
					"$(inherited)",
					"@executable_path/Frameworks",
				);
				MARKETING_VERSION = 1.0;
				PRODUCT_BUNDLE_IDENTIFIER = "com.subaiii.StackScroller-Ep";
				PRODUCT_NAME = "$(TARGET_NAME)";
				SWIFT_EMIT_LOC_STRINGS = YES;
				SWIFT_VERSION = 5.0;
				TARGETED_DEVICE_FAMILY = "1,2";
			};
			name = Release;
		};
		238FE6542E60687500934F91 /* Debug */ = {
			isa = XCBuildConfiguration;
			buildSettings = {
				ALWAYS_SEARCH_USER_PATHS = NO;
				ASSETCATALOG_COMPILER_GENERATE_SWIFT_ASSET_SYMBOL_EXTENSIONS = YES;
				CLANG_ANALYZER_NONNULL = YES;
				CLANG_ANALYZER_NUMBER_OBJECT_CONVERSION = YES_AGGRESSIVE;
				CLANG_CXX_LANGUAGE_STANDARD = "gnu++20";
				CLANG_ENABLE_MODULES = YES;
				CLANG_ENABLE_OBJC_ARC = YES;
				CLANG_ENABLE_OBJC_WEAK = YES;
				CLANG_WARN_BLOCK_CAPTURE_AUTORELEASING = YES;
				CLANG_WARN_BOOL_CONVERSION = YES;
				CLANG_WARN_COMMA = YES;
				CLANG_WARN_CONSTANT_CONVERSION = YES;
				CLANG_WARN_DEPRECATED_OBJC_IMPLEMENTATIONS = YES;
				CLANG_WARN_DIRECT_OBJC_ISA_USAGE = YES_ERROR;
				CLANG_WARN_DOCUMENTATION_COMMENTS = YES;
				CLANG_WARN_EMPTY_BODY = YES;
				CLANG_WARN_ENUM_CONVERSION = YES;
				CLANG_WARN_INFINITE_RECURSION = YES;
				CLANG_WARN_INT_CONVERSION = YES;
				CLANG_WARN_NON_LITERAL_NULL_CONVERSION = YES;
				CLANG_WARN_OBJC_IMPLICIT_RETAIN_SELF = YES;
				CLANG_WARN_OBJC_LITERAL_CONVERSION = YES;
				CLANG_WARN_OBJC_ROOT_CLASS = YES_ERROR;
				CLANG_WARN_QUOTED_INCLUDE_IN_FRAMEWORK_HEADER = YES;
				CLANG_WARN_RANGE_LOOP_ANALYSIS = YES;
				CLANG_WARN_STRICT_PROTOTYPES = YES;
				CLANG_WARN_SUSPICIOUS_MOVE = YES;
				CLANG_WARN_UNGUARDED_AVAILABILITY = YES_AGGRESSIVE;
				CLANG_WARN_UNREACHABLE_CODE = YES;
				CLANG_WARN__DUPLICATE_METHOD_MATCH = YES;
				COPY_PHASE_STRIP = NO;
				DEBUG_INFORMATION_FORMAT = dwarf;
				ENABLE_STRICT_OBJC_MSGSEND = YES;
				ENABLE_TESTABILITY = YES;
				ENABLE_USER_SCRIPT_SANDBOXING = YES;
				GCC_C_LANGUAGE_STANDARD = gnu17;
				GCC_DYNAMIC_NO_PIC = NO;
				GCC_NO_COMMON_BLOCKS = YES;
				GCC_OPTIMIZATION_LEVEL = 0;
				GCC_PREPROCESSOR_DEFINITIONS = (
					"DEBUG=1",
					"$(inherited)",
				);
				GCC_WARN_64_TO_32_BIT_CONVERSION = YES;
				GCC_WARN_ABOUT_RETURN_TYPE = YES_ERROR;
				GCC_WARN_UNDECLARED_SELECTOR = YES;
				GCC_WARN_UNINITIALIZED_AUTOS = YES_AGGRESSIVE;
				GCC_WARN_UNUSED_FUNCTION = YES;
				GCC_WARN_UNUSED_VARIABLE = YES;
				IPHONEOS_DEPLOYMENT_TARGET = 18.2;
				LOCALIZATION_PREFERS_STRING_CATALOGS = YES;
				MTL_ENABLE_DEBUG_INFO = INCLUDE_SOURCE;
				MTL_FAST_MATH = YES;
				ONLY_ACTIVE_ARCH = YES;
				SDKROOT = iphoneos;
				SWIFT_ACTIVE_COMPILATION_CONDITIONS = "DEBUG $(inherited)";
				SWIFT_OPTIMIZATION_LEVEL = "-Onone";
			};
			name = Debug;
		};
		238FE6552E60687500934F91 /* Release */ = {
			isa = XCBuildConfiguration;
			buildSettings = {
				ALWAYS_SEARCH_USER_PATHS = NO;
				ASSETCATALOG_COMPILER_GENERATE_SWIFT_ASSET_SYMBOL_EXTENSIONS = YES;
				CLANG_ANALYZER_NONNULL = YES;
				CLANG_ANALYZER_NUMBER_OBJECT_CONVERSION = YES_AGGRESSIVE;
				CLANG_CXX_LANGUAGE_STANDARD = "gnu++20";
				CLANG_ENABLE_MODULES = YES;
				CLANG_ENABLE_OBJC_ARC = YES;
				CLANG_ENABLE_OBJC_WEAK = YES;
				CLANG_WARN_BLOCK_CAPTURE_AUTORELEASING = YES;
				CLANG_WARN_BOOL_CONVERSION = YES;
				CLANG_WARN_COMMA = YES;
				CLANG_WARN_CONSTANT_CONVERSION = YES;
				CLANG_WARN_DEPRECATED_OBJC_IMPLEMENTATIONS = YES;
				CLANG_WARN_DIRECT_OBJC_ISA_USAGE = YES_ERROR;
				CLANG_WARN_DOCUMENTATION_COMMENTS = YES;
				CLANG_WARN_EMPTY_BODY = YES;
				CLANG_WARN_ENUM_CONVERSION = YES;
				CLANG_WARN_INFINITE_RECURSION = YES;
				CLANG_WARN_INT_CONVERSION = YES;
				CLANG_WARN_NON_LITERAL_NULL_CONVERSION = YES;
				CLANG_WARN_OBJC_IMPLICIT_RETAIN_SELF = YES;
				CLANG_WARN_OBJC_LITERAL_CONVERSION = YES;
				CLANG_WARN_OBJC_ROOT_CLASS = YES_ERROR;
				CLANG_WARN_QUOTED_INCLUDE_IN_FRAMEWORK_HEADER = YES;
				CLANG_WARN_RANGE_LOOP_ANALYSIS = YES;
				CLANG_WARN_STRICT_PROTOTYPES = YES;
				CLANG_WARN_SUSPICIOUS_MOVE = YES;
				CLANG_WARN_UNGUARDED_AVAILABILITY = YES_AGGRESSIVE;
				CLANG_WARN_UNREACHABLE_CODE = YES;
				CLANG_WARN__DUPLICATE_METHOD_MATCH = YES;
				COPY_PHASE_STRIP = NO;
				DEBUG_INFORMATION_FORMAT = "dwarf-with-dsym";
				ENABLE_NS_ASSERTIONS = NO;
				ENABLE_STRICT_OBJC_MSGSEND = YES;
				ENABLE_USER_SCRIPT_SANDBOXING = YES;
				GCC_C_LANGUAGE_STANDARD = gnu17;
				GCC_NO_COMMON_BLOCKS = YES;
				GCC_WARN_64_TO_32_BIT_CONVERSION = YES;
				GCC_WARN_ABOUT_RETURN_TYPE = YES_ERROR;
				GCC_WARN_UNDECLARED_SELECTOR = YES;
				GCC_WARN_UNINITIALIZED_AUTOS = YES_AGGRESSIVE;
				GCC_WARN_UNUSED_FUNCTION = YES;
				GCC_WARN_UNUSED_VARIABLE = YES;
				IPHONEOS_DEPLOYMENT_TARGET = 18.2;
				LOCALIZATION_PREFERS_STRING_CATALOGS = YES;
				MTL_ENABLE_DEBUG_INFO = NO;
				MTL_FAST_MATH = YES;
				SDKROOT = iphoneos;
				SWIFT_COMPILATION_MODE = wholemodule;
				VALIDATE_PRODUCT = YES;
			};
			name = Release;
		};
		238FE6572E60687500934F91 /* Debug */ = {
			isa = XCBuildConfiguration;
			buildSettings = {
				BUNDLE_LOADER = "$(TEST_HOST)";
				CODE_SIGN_STYLE = Automatic;
				CURRENT_PROJECT_VERSION = 1;
				DEVELOPMENT_TEAM = PSX4HS9SBP;
				GENERATE_INFOPLIST_FILE = YES;
				IPHONEOS_DEPLOYMENT_TARGET = 18.2;
				MARKETING_VERSION = 1.0;
				PRODUCT_BUNDLE_IDENTIFIER = "com.subaiii.StackScroller-EpTests";
				PRODUCT_NAME = "$(TARGET_NAME)";
				SWIFT_EMIT_LOC_STRINGS = NO;
				SWIFT_VERSION = 5.0;
				TARGETED_DEVICE_FAMILY = "1,2";
				TEST_HOST = "$(BUILT_PRODUCTS_DIR)/StackScroller-Ep.app/$(BUNDLE_EXECUTABLE_FOLDER_PATH)/StackScroller-Ep";
			};
			name = Debug;
		};
		238FE6582E60687500934F91 /* Release */ = {
			isa = XCBuildConfiguration;
			buildSettings = {
				BUNDLE_LOADER = "$(TEST_HOST)";
				CODE_SIGN_STYLE = Automatic;
				CURRENT_PROJECT_VERSION = 1;
				DEVELOPMENT_TEAM = PSX4HS9SBP;
				GENERATE_INFOPLIST_FILE = YES;
				IPHONEOS_DEPLOYMENT_TARGET = 18.2;
				MARKETING_VERSION = 1.0;
				PRODUCT_BUNDLE_IDENTIFIER = "com.subaiii.StackScroller-EpTests";
				PRODUCT_NAME = "$(TARGET_NAME)";
				SWIFT_EMIT_LOC_STRINGS = NO;
				SWIFT_VERSION = 5.0;
				TARGETED_DEVICE_FAMILY = "1,2";
				TEST_HOST = "$(BUILT_PRODUCTS_DIR)/StackScroller-Ep.app/$(BUNDLE_EXECUTABLE_FOLDER_PATH)/StackScroller-Ep";
			};
			name = Release;
		};
		238FE65A2E60687500934F91 /* Debug */ = {
			isa = XCBuildConfiguration;
			buildSettings = {
				CODE_SIGN_STYLE = Automatic;
				CURRENT_PROJECT_VERSION = 1;
				DEVELOPMENT_TEAM = PSX4HS9SBP;
				GENERATE_INFOPLIST_FILE = YES;
				MARKETING_VERSION = 1.0;
				PRODUCT_BUNDLE_IDENTIFIER = "com.subaiii.StackScroller-EpUITests";
				PRODUCT_NAME = "$(TARGET_NAME)";
				SWIFT_EMIT_LOC_STRINGS = NO;
				SWIFT_VERSION = 5.0;
				TARGETED_DEVICE_FAMILY = "1,2";
				TEST_TARGET_NAME = "StackScroller-Ep";
			};
			name = Debug;
		};
		238FE65B2E60687500934F91 /* Release */ = {
			isa = XCBuildConfiguration;
			buildSettings = {
				CODE_SIGN_STYLE = Automatic;
				CURRENT_PROJECT_VERSION = 1;
				DEVELOPMENT_TEAM = PSX4HS9SBP;
				GENERATE_INFOPLIST_FILE = YES;
				MARKETING_VERSION = 1.0;
				PRODUCT_BUNDLE_IDENTIFIER = "com.subaiii.StackScroller-EpUITests";
				PRODUCT_NAME = "$(TARGET_NAME)";
				SWIFT_EMIT_LOC_STRINGS = NO;
				SWIFT_VERSION = 5.0;
				TARGETED_DEVICE_FAMILY = "1,2";
				TEST_TARGET_NAME = "StackScroller-Ep";
			};
			name = Release;
		};
/* End XCBuildConfiguration section */

/* Begin XCConfigurationList section */
		238FE6232E60687400934F91 /* Build configuration list for PBXProject "StackScroller-Ep" */ = {
			isa = XCConfigurationList;
			buildConfigurations = (
				238FE6542E60687500934F91 /* Debug */,
				238FE6552E60687500934F91 /* Release */,
			);
			defaultConfigurationIsVisible = 0;
			defaultConfigurationName = Release;
		};
		238FE6512E60687500934F91 /* Build configuration list for PBXNativeTarget "StackScroller-Ep" */ = {
			isa = XCConfigurationList;
			buildConfigurations = (
				238FE6522E60687500934F91 /* Debug */,
				238FE6532E60687500934F91 /* Release */,
			);
			defaultConfigurationIsVisible = 0;
			defaultConfigurationName = Release;
		};
		238FE6562E60687500934F91 /* Build configuration list for PBXNativeTarget "StackScroller-EpTests" */ = {
			isa = XCConfigurationList;
			buildConfigurations = (
				238FE6572E60687500934F91 /* Debug */,
				238FE6582E60687500934F91 /* Release */,
			);
			defaultConfigurationIsVisible = 0;
			defaultConfigurationName = Release;
		};
		238FE6592E60687500934F91 /* Build configuration list for PBXNativeTarget "StackScroller-EpUITests" */ = {
			isa = XCConfigurationList;
			buildConfigurations = (
				238FE65A2E60687500934F91 /* Debug */,
				238FE65B2E60687500934F91 /* Release */,
			);
			defaultConfigurationIsVisible = 0;
			defaultConfigurationName = Release;
		};
/* End XCConfigurationList section */

/* Begin XCLocalSwiftPackageReference section */
		238FE65C2E60688900934F91 /* XCLocalSwiftPackageReference "../../StackScroller" */ = {
			isa = XCLocalSwiftPackageReference;
			relativePath = ../../StackScroller;
		};
/* End XCLocalSwiftPackageReference section */

/* Begin XCSwiftPackageProductDependency section */
		238FE65D2E60688900934F91 /* StackScroller */ = {
			isa = XCSwiftPackageProductDependency;
			productName = StackScroller;
		};
/* End XCSwiftPackageProductDependency section */
	};
	rootObject = 238FE6202E60687400934F91 /* Project object */;
}
